
Microsoft Visual Studio Solution File, Format Version 12.00
# Visual Studio Version 17
VisualStudioVersion = 17.7.34202.233
MinimumVisualStudioVersion = 10.0.40219.1
Project("{FAE04EC0-301F-11D3-BF4B-00C04F79EFBC}") = "LearningHub.API", "LearningHub.API\LearningHub.API.csproj", "{C206D9E7-6C28-49E8-B1B8-5FA0F9634BBB}"
EndProject
Project("{FAE04EC0-301F-11D3-BF4B-00C04F79EFBC}") = "LearningHub.Infra", "LearningHub.Infra\LearningHub.Infra.csproj", "{CFF9CFE7-D8F6-4F9F-9C06-4CD81205FF58}"
EndProject
Project("{FAE04EC0-301F-11D3-BF4B-00C04F79EFBC}") = "LearningHub.Core", "LearningHub.Core\LearningHub.Core.csproj", "{099EED7D-9609-4395-BF82-D8338CD19D7F}"
EndProject
Global
	GlobalSection(SolutionConfigurationPlatforms) = preSolution
		Debug|Any CPU = Debug|Any CPU
		Release|Any CPU = Release|Any CPU
	EndGlobalSection
	GlobalSection(ProjectConfigurationPlatforms) = postSolution
		{C206D9E7-6C28-49E8-B1B8-5FA0F9634BBB}.Debug|Any CPU.ActiveCfg = Debug|Any CPU
		{C206D9E7-6C28-49E8-B1B8-5FA0F9634BBB}.Debug|Any CPU.Build.0 = Debug|Any CPU
		{C206D9E7-6C28-49E8-B1B8-5FA0F9634BBB}.Release|Any CPU.ActiveCfg = Release|Any CPU
		{C206D9E7-6C28-49E8-B1B8-5FA0F9634BBB}.Release|Any CPU.Build.0 = Release|Any CPU
		{CFF9CFE7-D8F6-4F9F-9C06-4CD81205FF58}.Debug|Any CPU.ActiveCfg = Debug|Any CPU
		{CFF9CFE7-D8F6-4F9F-9C06-4CD81205FF58}.Debug|Any CPU.Build.0 = Debug|Any CPU
		{CFF9CFE7-D8F6-4F9F-9C06-4CD81205FF58}.Release|Any CPU.ActiveCfg = Release|Any CPU
		{CFF9CFE7-D8F6-4F9F-9C06-4CD81205FF58}.Release|Any CPU.Build.0 = Release|Any CPU
		{099EED7D-9609-4395-BF82-D8338CD19D7F}.Debug|Any CPU.ActiveCfg = Debug|Any CPU
		{099EED7D-9609-4395-BF82-D8338CD19D7F}.Debug|Any CPU.Build.0 = Debug|Any CPU
		{099EED7D-9609-4395-BF82-D8338CD19D7F}.Release|Any CPU.ActiveCfg = Release|Any CPU
		{099EED7D-9609-4395-BF82-D8338CD19D7F}.Release|Any CPU.Build.0 = Release|Any CPU
	EndGlobalSection
	GlobalSection(SolutionProperties) = preSolution
		HideSolutionNode = FALSE
	EndGlobalSection
	GlobalSection(ExtensibilityGlobals) = postSolution
		SolutionGuid = {3A38F9B9-AB90-49D7-9F7B-9A45F1A81ADE}
	EndGlobalSection
EndGlobal
